{
  "version": 4,
  "terraform_version": "1.8.4",
  "serial": 15,
  "lineage": "e3d01609-1514-898f-179f-afb70526947c",
  "outputs": {
    "file_content": {
      "value": "This is a test content.",
      "type": "string"
    },
    "file_id": {
      "value": "4610047ebf3619bf51c8d81c18763e3661ef9d2b",
      "type": "string"
    }
  },
  "resources": [
    {
      "mode": "data",
      "type": "local_file",
      "name": "data-test_local",
      "provider": "provider[\"registry.terraform.io/hashicorp/local\"]",
      "instances": [
        {
          "schema_version": 0,
          "attributes": {
            "content": "Hello, World! Full Cycle",
            "content_base64": "SGVsbG8sIFdvcmxkISBGdWxsIEN5Y2xl",
            "content_base64sha256": "vhWTUAN2baAuwM44CrkCQSwwfZt7edblOO9MWr2QvmU=",
            "content_base64sha512": "566EYt9Q1jwr1Js/ynhKLJ5UacXB5+RtLgjOkGsokfTT/JFCJQ0dnnutledpNGL3UqUxEQr90dK9qGcxYWfafw==",
            "content_md5": "dfaeb77a01830bc00737aa253b37e091",
            "content_sha1": "36600d03f46bcb0f2b97e6fc68e2e5bb5764030e",
            "content_sha256": "be15935003766da02ec0ce380ab902412c307d9b7b79d6e538ef4c5abd90be65",
            "content_sha512": "e7ae8462df50d63c2bd49b3fca784a2c9e5469c5c1e7e46d2e08ce906b2891f4d3fc9142250d1d9e7bad95e7693462f752a531110afdd1d2bda867316167da7f",
            "filename": "./test_local.txt",
            "id": "36600d03f46bcb0f2b97e6fc68e2e5bb5764030e"
          },
          "sensitive_attributes": []
        }
      ]
    },
    {
      "mode": "managed",
      "type": "local_file",
      "name": "test_local",
      "provider": "provider[\"registry.terraform.io/hashicorp/local\"]",
      "instances": [
        {
          "schema_version": 0,
          "attributes": {
            "content": "Hello, World! Full Cycle",
            "content_base64": null,
            "content_base64sha256": "vhWTUAN2baAuwM44CrkCQSwwfZt7edblOO9MWr2QvmU=",
            "content_base64sha512": "566EYt9Q1jwr1Js/ynhKLJ5UacXB5+RtLgjOkGsokfTT/JFCJQ0dnnutledpNGL3UqUxEQr90dK9qGcxYWfafw==",
            "content_md5": "dfaeb77a01830bc00737aa253b37e091",
            "content_sha1": "36600d03f46bcb0f2b97e6fc68e2e5bb5764030e",
            "content_sha256": "be15935003766da02ec0ce380ab902412c307d9b7b79d6e538ef4c5abd90be65",
            "content_sha512": "e7ae8462df50d63c2bd49b3fca784a2c9e5469c5c1e7e46d2e08ce906b2891f4d3fc9142250d1d9e7bad95e7693462f752a531110afdd1d2bda867316167da7f",
            "directory_permission": "0777",
            "file_permission": "0777",
            "filename": "./test_local.txt",
            "id": "36600d03f46bcb0f2b97e6fc68e2e5bb5764030e",
            "sensitive_content": null,
            "source": null
          },
          "sensitive_attributes": [
            [
              {
                "type": "get_attr",
                "value": "sensitive_content"
              }
            ]
          ]
        }
      ]
    },
    {
      "mode": "managed",
      "type": "local_file",
      "name": "test_var",
      "provider": "provider[\"registry.terraform.io/hashicorp/local\"]",
      "instances": [
        {
          "schema_version": 0,
          "attributes": {
            "content": "This is a test content.",
            "content_base64": null,
            "content_base64sha256": "901G9cWNbQ+sbh3TQdxE6IgcxA/CwI2uyA7HW5AqQts=",
            "content_base64sha512": "jCDtb8gRvW9cfNl1KeV9MQyb2y6Kw6WR3tFO5cyfLyuaHeQqJU1arvfeeh/fxKJ1lxMGQK5QAvMUFd5Bk2BezA==",
            "content_md5": "25a464d7bde51f9a4325085a5c0d2a71",
            "content_sha1": "4610047ebf3619bf51c8d81c18763e3661ef9d2b",
            "content_sha256": "f74d46f5c58d6d0fac6e1dd341dc44e8881cc40fc2c08daec80ec75b902a42db",
            "content_sha512": "8c20ed6fc811bd6f5c7cd97529e57d310c9bdb2e8ac3a591ded14ee5cc9f2f2b9a1de42a254d5aaef7de7a1fdfc4a27597130640ae5002f31415de4193605ecc",
            "directory_permission": "0777",
            "file_permission": "0777",
            "filename": "./test_var.txt",
            "id": "4610047ebf3619bf51c8d81c18763e3661ef9d2b",
            "sensitive_content": null,
            "source": null
          },
          "sensitive_attributes": [
            [
              {
                "type": "get_attr",
                "value": "sensitive_content"
              }
            ]
          ]
        }
      ]
    }
  ],
  "check_results": null
}
